
Microsoft Visual Studio Solution File, Format Version 12.00
# Visual Studio 15
VisualStudioVersion = 15.0.28307.106
MinimumVisualStudioVersion = 10.0.40219.1
Project("{FAE04EC0-301F-11D3-BF4B-00C04F79EFBC}") = "FigurasGeometricas", "FigurasGeometricas\FigurasGeometricas.csproj", "{698562FE-1146-4ACF-8E16-4E192779EA66}"
EndProject
Project("{FAE04EC0-301F-11D3-BF4B-00C04F79EFBC}") = "FigurasGeometricasDiagnostico", "FigurasGeometricasDiagnostico\FigurasGeometricasDiagnostico.csproj", "{771B2EC6-4E08-48C6-BB1C-A2C46B57A8B3}"
EndProject
Global
	GlobalSection(SolutionConfigurationPlatforms) = preSolution
		Debug|Any CPU = Debug|Any CPU
		Release|Any CPU = Release|Any CPU
	EndGlobalSection
	GlobalSection(ProjectConfigurationPlatforms) = postSolution
		{698562FE-1146-4ACF-8E16-4E192779EA66}.Debug|Any CPU.ActiveCfg = Debug|Any CPU
		{698562FE-1146-4ACF-8E16-4E192779EA66}.Debug|Any CPU.Build.0 = Debug|Any CPU
		{698562FE-1146-4ACF-8E16-4E192779EA66}.Release|Any CPU.ActiveCfg = Release|Any CPU
		{698562FE-1146-4ACF-8E16-4E192779EA66}.Release|Any CPU.Build.0 = Release|Any CPU
		{771B2EC6-4E08-48C6-BB1C-A2C46B57A8B3}.Debug|Any CPU.ActiveCfg = Debug|Any CPU
		{771B2EC6-4E08-48C6-BB1C-A2C46B57A8B3}.Debug|Any CPU.Build.0 = Debug|Any CPU
		{771B2EC6-4E08-48C6-BB1C-A2C46B57A8B3}.Release|Any CPU.ActiveCfg = Release|Any CPU
		{771B2EC6-4E08-48C6-BB1C-A2C46B57A8B3}.Release|Any CPU.Build.0 = Release|Any CPU
	EndGlobalSection
	GlobalSection(SolutionProperties) = preSolution
		HideSolutionNode = FALSE
	EndGlobalSection
	GlobalSection(ExtensibilityGlobals) = postSolution
		SolutionGuid = {306EF99B-C8C1-4D8E-9584-045F70DD414B}
	EndGlobalSection
EndGlobal
